// !$*UTF8*$!
{
	archiveVersion = 1;
	classes = {
	};
	objectVersion = 46;
	objects = {

/* Begin PBXBuildFile section */
		2F7446C30DB6CCE400F9684A /* MainMenu.xib in Resources */ = {isa = PBXBuildFile; fileRef = 2F7446BF0DB6CCE400F9684A /* MainMenu.xib */; };
		2F7446C40DB6CCE400F9684A /* MyDocument.xib in Resources */ = {isa = PBXBuildFile; fileRef = 2F7446C10DB6CCE400F9684A /* MyDocument.xib */; };
		514E9E12081EC6B8009B8CD9 /* GetMetadataForFile.m in Sources */ = {isa = PBXBuildFile; fileRef = 514E9E10081EC6B8009B8CD9 /* GetMetadataForFile.m */; };
		514E9E13081EC6B8009B8CD9 /* main.c in Sources */ = {isa = PBXBuildFile; fileRef = 514E9E11081EC6B8009B8CD9 /* main.c */; };
		514E9E2E081EC793009B8CD9 /* CoreServices.framework in Frameworks */ = {isa = PBXBuildFile; fileRef = 514E9E2D081EC793009B8CD9 /* CoreServices.framework */; };
		514EA010081EC7AA009B8CD9 /* Foundation.framework in Frameworks */ = {isa = PBXBuildFile; fileRef = 2A37F4C5FDCFA73011CA2CEA /* Foundation.framework */; };
		514EA011081EC7AB009B8CD9 /* CoreData.framework in Frameworks */ = {isa = PBXBuildFile; fileRef = 7788DA0506752A1600599AAD /* CoreData.framework */; };
		514EA015081EC7C3009B8CD9 /* CoreFoundation.framework in Frameworks */ = {isa = PBXBuildFile; fileRef = 514EA014081EC7C3009B8CD9 /* CoreFoundation.framework */; };
		514EA082081ECB54009B8CD9 /* Stichwörter.mdimporter in CopyFiles */ = {isa = PBXBuildFile; fileRef = 514E9DF9081EBF9C009B8CD9 /* Stichwörter.mdimporter */; };
		522144C4106926E9001D0D80 /* QuickLook.framework in Frameworks */ = {isa = PBXBuildFile; fileRef = 522144C3106926E8001D0D80 /* QuickLook.framework */; };
		522144D410692758001D0D80 /* quicklook_main.c in Sources */ = {isa = PBXBuildFile; fileRef = 522144D310692758001D0D80 /* quicklook_main.c */; };
		522144D8106927AC001D0D80 /* GeneratePreviewForURL.m in Sources */ = {isa = PBXBuildFile; fileRef = 522144D6106927AC001D0D80 /* GeneratePreviewForURL.m */; };
		522144D9106927AC001D0D80 /* GenerateThumbnailForURL.m in Sources */ = {isa = PBXBuildFile; fileRef = 522144D7106927AC001D0D80 /* GenerateThumbnailForURL.m */; };
		5221450310692B10001D0D80 /* Foundation.framework in Frameworks */ = {isa = PBXBuildFile; fileRef = 2A37F4C5FDCFA73011CA2CEA /* Foundation.framework */; };
		522145B6106966CB001D0D80 /* KeywordExporter.m in Sources */ = {isa = PBXBuildFile; fileRef = 522145B5106966CB001D0D80 /* KeywordExporter.m */; };
		522145B7106966CB001D0D80 /* KeywordExporter.m in Sources */ = {isa = PBXBuildFile; fileRef = 522145B5106966CB001D0D80 /* KeywordExporter.m */; };
		522145D510696E00001D0D80 /* KeywordExporter.m in Sources */ = {isa = PBXBuildFile; fileRef = 522145B5106966CB001D0D80 /* KeywordExporter.m */; };
		52214684106993DF001D0D80 /* styles.css in Resources */ = {isa = PBXBuildFile; fileRef = 52214682106993DF001D0D80 /* styles.css */; };
		52214696106994E5001D0D80 /* CoreData.framework in Frameworks */ = {isa = PBXBuildFile; fileRef = 7788DA0506752A1600599AAD /* CoreData.framework */; };
		52214715106998E6001D0D80 /* Stichwörter.qlgenerator in CopyFiles */ = {isa = PBXBuildFile; fileRef = 522144BD106926BB001D0D80 /* Stichwörter.qlgenerator */; };
		522CC07D108BBAF300EB5DF6 /* RebaseSheetController.m in Sources */ = {isa = PBXBuildFile; fileRef = 522CC07C108BBAF300EB5DF6 /* RebaseSheetController.m */; };
		522CC085108BBD0D00EB5DF6 /* RebaseSheet.xib in Resources */ = {isa = PBXBuildFile; fileRef = 522CC084108BBD0D00EB5DF6 /* RebaseSheet.xib */; };
		5254600016D9951000919729 /* SimpleWordprocessingMLFile.m in Sources */ = {isa = PBXBuildFile; fileRef = 52545FFF16D9951000919729 /* SimpleWordprocessingMLFile.m */; };
		5254600616DA39B500919729 /* ZIPArchive.m in Sources */ = {isa = PBXBuildFile; fileRef = 5254600516DA39B500919729 /* ZIPArchive.m */; };
		5254600916DA49FA00919729 /* NSData+CRC32.m in Sources */ = {isa = PBXBuildFile; fileRef = 5254600816DA49FA00919729 /* NSData+CRC32.m */; };
		5254600B16DA4AB700919729 /* libz.dylib in Frameworks */ = {isa = PBXBuildFile; fileRef = 5254600A16DA4AB700919729 /* libz.dylib */; };
		5254600E16DA4F3D00919729 /* TableDocument.m in Sources */ = {isa = PBXBuildFile; fileRef = 5254600D16DA4F3D00919729 /* TableDocument.m */; };
		5254601016DA54EB00919729 /* TableDocument.m in Sources */ = {isa = PBXBuildFile; fileRef = 5254600D16DA4F3D00919729 /* TableDocument.m */; };
		5254601116DA54FA00919729 /* TableDocument.m in Sources */ = {isa = PBXBuildFile; fileRef = 5254600D16DA4F3D00919729 /* TableDocument.m */; };
		527883DC10664CFA00C69D6D /* Localizable.strings in Resources */ = {isa = PBXBuildFile; fileRef = 527883DB10664CFA00C69D6D /* Localizable.strings */; };
		527883EF10664D9800C69D6D /* ExportSheetController.m in Sources */ = {isa = PBXBuildFile; fileRef = 527883EE10664D9800C69D6D /* ExportSheetController.m */; };
		527883F310664DB600C69D6D /* ExportSheet.xib in Resources */ = {isa = PBXBuildFile; fileRef = 527883F210664DB600C69D6D /* ExportSheet.xib */; };
		775BDEF1067A8BF0009058FE /* MyDocument.xcdatamodel in Sources */ = {isa = PBXBuildFile; fileRef = 775BDEF0067A8BF0009058FE /* MyDocument.xcdatamodel */; };
		775DFF38067A968500C5B868 /* Cocoa.framework in Frameworks */ = {isa = PBXBuildFile; fileRef = 1058C7A7FEA54F5311CA2CBB /* Cocoa.framework */; };
		8D15AC2C0486D014006FF6A4 /* Credits.rtf in Resources */ = {isa = PBXBuildFile; fileRef = 2A37F4B9FDCFA73011CA2CEA /* Credits.rtf */; };
		8D15AC2F0486D014006FF6A4 /* InfoPlist.strings in Resources */ = {isa = PBXBuildFile; fileRef = 089C165FFE840EACC02AAC07 /* InfoPlist.strings */; };
		8D15AC310486D014006FF6A4 /* MyDocument.m in Sources */ = {isa = PBXBuildFile; fileRef = 2A37F4ACFDCFA73011CA2CEA /* MyDocument.m */; settings = {ATTRIBUTES = (); }; };
		8D15AC320486D014006FF6A4 /* main.m in Sources */ = {isa = PBXBuildFile; fileRef = 2A37F4B0FDCFA73011CA2CEA /* main.m */; settings = {ATTRIBUTES = (); }; };
/* End PBXBuildFile section */

/* Begin PBXContainerItemProxy section */
		514EA066081EC8BF009B8CD9 /* PBXContainerItemProxy */ = {
			isa = PBXContainerItemProxy;
			containerPortal = 2A37F4A9FDCFA73011CA2CEA /* Project object */;
			proxyType = 1;
			remoteGlobalIDString = 514E9DF8081EBF9C009B8CD9;
			remoteInfo = "Stichwörter Spotlight Importer";
		};
		522144DF106927B5001D0D80 /* PBXContainerItemProxy */ = {
			isa = PBXContainerItemProxy;
			containerPortal = 2A37F4A9FDCFA73011CA2CEA /* Project object */;
			proxyType = 1;
			remoteGlobalIDString = 522144BC106926BB001D0D80;
			remoteInfo = "Stichwörter QuickLook Generator";
		};
/* End PBXContainerItemProxy section */

/* Begin PBXCopyFilesBuildPhase section */
		514EA07C081ECB3F009B8CD9 /* CopyFiles */ = {
			isa = PBXCopyFilesBuildPhase;
			buildActionMask = 2147483647;
			dstPath = ../Library/Spotlight;
			dstSubfolderSpec = 7;
			files = (
				514EA082081ECB54009B8CD9 /* Stichwörter.mdimporter in CopyFiles */,
			);
			runOnlyForDeploymentPostprocessing = 0;
		};
		52214722106998F2001D0D80 /* CopyFiles */ = {
			isa = PBXCopyFilesBuildPhase;
			buildActionMask = 2147483647;
			dstPath = ../Library/QuickLook;
			dstSubfolderSpec = 7;
			files = (
				52214715106998E6001D0D80 /* Stichwörter.qlgenerator in CopyFiles */,
			);
			runOnlyForDeploymentPostprocessing = 0;
		};
/* End PBXCopyFilesBuildPhase section */

/* Begin PBXFileReference section */
		1058C7A7FEA54F5311CA2CBB /* Cocoa.framework */ = {isa = PBXFileReference; lastKnownFileType = wrapper.framework; name = Cocoa.framework; path = /System/Library/Frameworks/Cocoa.framework; sourceTree = "<absolute>"; };
		2A37F4ACFDCFA73011CA2CEA /* MyDocument.m */ = {isa = PBXFileReference; fileEncoding = 4; lastKnownFileType = sourcecode.c.objc; path = MyDocument.m; sourceTree = "<group>"; wrapsLines = 1; };
		2A37F4AEFDCFA73011CA2CEA /* MyDocument.h */ = {isa = PBXFileReference; fileEncoding = 4; lastKnownFileType = sourcecode.c.h; path = MyDocument.h; sourceTree = "<group>"; };
		2A37F4B0FDCFA73011CA2CEA /* main.m */ = {isa = PBXFileReference; fileEncoding = 4; lastKnownFileType = sourcecode.c.objc; path = main.m; sourceTree = "<group>"; };
		2A37F4C4FDCFA73011CA2CEA /* AppKit.framework */ = {isa = PBXFileReference; lastKnownFileType = wrapper.framework; name = AppKit.framework; path = /System/Library/Frameworks/AppKit.framework; sourceTree = "<absolute>"; };
		2A37F4C5FDCFA73011CA2CEA /* Foundation.framework */ = {isa = PBXFileReference; lastKnownFileType = wrapper.framework; name = Foundation.framework; path = /System/Library/Frameworks/Foundation.framework; sourceTree = "<absolute>"; };
		32DBCF750370BD2300C91783 /* Stichw_rter_Prefix.pch */ = {isa = PBXFileReference; fileEncoding = 4; lastKnownFileType = sourcecode.c.h; path = Stichw_rter_Prefix.pch; sourceTree = "<group>"; };
		514E9DF9081EBF9C009B8CD9 /* Stichwörter.mdimporter */ = {isa = PBXFileReference; explicitFileType = wrapper.cfbundle; includeInIndex = 0; path = "Stichwörter.mdimporter"; sourceTree = BUILT_PRODUCTS_DIR; };
		514E9DFA081EBF9C009B8CD9 /* Importer-Info.plist */ = {isa = PBXFileReference; lastKnownFileType = text.plist.xml; name = "Importer-Info.plist"; path = "Importer/Importer-Info.plist"; sourceTree = "<group>"; };
		514E9E10081EC6B8009B8CD9 /* GetMetadataForFile.m */ = {isa = PBXFileReference; explicitFileType = sourcecode.c.objc; fileEncoding = 30; name = GetMetadataForFile.m; path = Importer/GetMetadataForFile.m; sourceTree = "<group>"; };
		514E9E11081EC6B8009B8CD9 /* main.c */ = {isa = PBXFileReference; fileEncoding = 30; lastKnownFileType = sourcecode.c.c; name = main.c; path = Importer/main.c; sourceTree = "<group>"; };
		514E9E16081EC6D5009B8CD9 /* Importer Read Me.txt */ = {isa = PBXFileReference; fileEncoding = 30; lastKnownFileType = text; name = "Importer Read Me.txt"; path = "Importer/Importer Read Me.txt"; sourceTree = "<group>"; };
		514E9E2D081EC793009B8CD9 /* CoreServices.framework */ = {isa = PBXFileReference; lastKnownFileType = wrapper.framework; name = CoreServices.framework; path = /System/Library/Frameworks/CoreServices.framework; sourceTree = "<absolute>"; };
		514EA014081EC7C3009B8CD9 /* CoreFoundation.framework */ = {isa = PBXFileReference; lastKnownFileType = wrapper.framework; name = CoreFoundation.framework; path = /System/Library/Frameworks/CoreFoundation.framework; sourceTree = "<absolute>"; };
		522144BD106926BB001D0D80 /* Stichwörter.qlgenerator */ = {isa = PBXFileReference; explicitFileType = wrapper.cfbundle; includeInIndex = 0; path = "Stichwörter.qlgenerator"; sourceTree = BUILT_PRODUCTS_DIR; };
		522144BE106926BB001D0D80 /* Stichwörter QuickLook Generator-Info.plist */ = {isa = PBXFileReference; lastKnownFileType = text.plist.xml; path = "Stichwörter QuickLook Generator-Info.plist"; sourceTree = "<group>"; };
		522144C3106926E8001D0D80 /* QuickLook.framework */ = {isa = PBXFileReference; lastKnownFileType = wrapper.framework; name = QuickLook.framework; path = System/Library/Frameworks/QuickLook.framework; sourceTree = SDKROOT; };
		522144D310692758001D0D80 /* quicklook_main.c */ = {isa = PBXFileReference; fileEncoding = 4; lastKnownFileType = sourcecode.c.c; path = quicklook_main.c; sourceTree = "<group>"; };
		522144D6106927AC001D0D80 /* GeneratePreviewForURL.m */ = {isa = PBXFileReference; fileEncoding = 4; lastKnownFileType = sourcecode.c.objc; path = GeneratePreviewForURL.m; sourceTree = "<group>"; wrapsLines = 1; };
		522144D7106927AC001D0D80 /* GenerateThumbnailForURL.m */ = {isa = PBXFileReference; fileEncoding = 4; lastKnownFileType = sourcecode.c.objc; path = GenerateThumbnailForURL.m; sourceTree = "<group>"; };
		522145B4106966CB001D0D80 /* KeywordExporter.h */ = {isa = PBXFileReference; fileEncoding = 4; lastKnownFileType = sourcecode.c.h; path = KeywordExporter.h; sourceTree = "<group>"; };
		522145B5106966CB001D0D80 /* KeywordExporter.m */ = {isa = PBXFileReference; fileEncoding = 4; lastKnownFileType = sourcecode.c.objc; path = KeywordExporter.m; sourceTree = "<group>"; wrapsLines = 1; };
		52214682106993DF001D0D80 /* styles.css */ = {isa = PBXFileReference; fileEncoding = 4; lastKnownFileType = text.css; path = styles.css; sourceTree = "<group>"; };
		522CC07B108BBAF300EB5DF6 /* RebaseSheetController.h */ = {isa = PBXFileReference; fileEncoding = 4; lastKnownFileType = sourcecode.c.h; path = RebaseSheetController.h; sourceTree = "<group>"; };
		522CC07C108BBAF300EB5DF6 /* RebaseSheetController.m */ = {isa = PBXFileReference; fileEncoding = 4; lastKnownFileType = sourcecode.c.objc; path = RebaseSheetController.m; sourceTree = "<group>"; };
		522CC086108BBD1300EB5DF6 /* German */ = {isa = PBXFileReference; lastKnownFileType = file.xib; name = German; path = German.lproj/RebaseSheet.xib; sourceTree = "<group>"; };
		52545FFE16D9951000919729 /* SimpleWordprocessingMLFile.h */ = {isa = PBXFileReference; fileEncoding = 4; lastKnownFileType = sourcecode.c.h; path = SimpleWordprocessingMLFile.h; sourceTree = "<group>"; };
		52545FFF16D9951000919729 /* SimpleWordprocessingMLFile.m */ = {isa = PBXFileReference; fileEncoding = 4; lastKnownFileType = sourcecode.c.objc; path = SimpleWordprocessingMLFile.m; sourceTree = "<group>"; };
		5254600416DA39B500919729 /* ZIPArchive.h */ = {isa = PBXFileReference; fileEncoding = 4; lastKnownFileType = sourcecode.c.h; path = ZIPArchive.h; sourceTree = "<group>"; };
		5254600516DA39B500919729 /* ZIPArchive.m */ = {isa = PBXFileReference; fileEncoding = 4; lastKnownFileType = sourcecode.c.objc; path = ZIPArchive.m; sourceTree = "<group>"; };
		5254600716DA49FA00919729 /* NSData+CRC32.h */ = {isa = PBXFileReference; fileEncoding = 4; lastKnownFileType = sourcecode.c.h; path = "NSData+CRC32.h"; sourceTree = "<group>"; };
		5254600816DA49FA00919729 /* NSData+CRC32.m */ = {isa = PBXFileReference; fileEncoding = 4; lastKnownFileType = sourcecode.c.objc; path = "NSData+CRC32.m"; sourceTree = "<group>"; };
		5254600A16DA4AB700919729 /* libz.dylib */ = {isa = PBXFileReference; lastKnownFileType = "compiled.mach-o.dylib"; name = libz.dylib; path = usr/lib/libz.dylib; sourceTree = SDKROOT; };
		5254600C16DA4F3D00919729 /* TableDocument.h */ = {isa = PBXFileReference; fileEncoding = 4; lastKnownFileType = sourcecode.c.h; path = TableDocument.h; sourceTree = "<group>"; };
		5254600D16DA4F3D00919729 /* TableDocument.m */ = {isa = PBXFileReference; fileEncoding = 4; lastKnownFileType = sourcecode.c.objc; path = TableDocument.m; sourceTree = "<group>"; };
		527883DD10664D0300C69D6D /* German */ = {isa = PBXFileReference; lastKnownFileType = text.plist.strings; name = German; path = German.lproj/Localizable.strings; sourceTree = "<group>"; };
		527883ED10664D9800C69D6D /* ExportSheetController.h */ = {isa = PBXFileReference; fileEncoding = 4; lastKnownFileType = sourcecode.c.h; path = ExportSheetController.h; sourceTree = "<group>"; };
		527883EE10664D9800C69D6D /* ExportSheetController.m */ = {isa = PBXFileReference; fileEncoding = 4; lastKnownFileType = sourcecode.c.objc; path = ExportSheetController.m; sourceTree = "<group>"; };
		527883F410664DC100C69D6D /* German */ = {isa = PBXFileReference; lastKnownFileType = file.xib; name = German; path = German.lproj/ExportSheet.xib; sourceTree = "<group>"; };
		52F8FAC110662DF900450ED8 /* German */ = {isa = PBXFileReference; lastKnownFileType = file.xib; name = German; path = German.lproj/MyDocument.xib; sourceTree = "<group>"; };
		52F8FAC210662E0000450ED8 /* German */ = {isa = PBXFileReference; lastKnownFileType = file.xib; name = German; path = German.lproj/MainMenu.xib; sourceTree = "<group>"; };
		52F8FAC310662E0E00450ED8 /* German */ = {isa = PBXFileReference; lastKnownFileType = text.rtf; name = German; path = German.lproj/Credits.rtf; sourceTree = "<group>"; };
		52F8FAC410662E1300450ED8 /* German */ = {isa = PBXFileReference; lastKnownFileType = text.plist.strings; name = German; path = German.lproj/InfoPlist.strings; sourceTree = "<group>"; };
		775BDEF0067A8BF0009058FE /* MyDocument.xcdatamodel */ = {isa = PBXFileReference; fileEncoding = 4; lastKnownFileType = wrapper.xcdatamodel; path = MyDocument.xcdatamodel; sourceTree = "<group>"; };
		7788DA0506752A1600599AAD /* CoreData.framework */ = {isa = PBXFileReference; lastKnownFileType = wrapper.framework; name = CoreData.framework; path = /System/Library/Frameworks/CoreData.framework; sourceTree = "<absolute>"; };
		8D15AC360486D014006FF6A4 /* Stichw_rter-Info.plist */ = {isa = PBXFileReference; explicitFileType = text.plist.xml; fileEncoding = 4; path = "Stichw_rter-Info.plist"; sourceTree = "<group>"; };
		8D15AC370486D014006FF6A4 /* Stichwörter.app */ = {isa = PBXFileReference; explicitFileType = wrapper.application; includeInIndex = 0; path = "Stichwörter.app"; sourceTree = BUILT_PRODUCTS_DIR; };
/* End PBXFileReference section */

/* Begin PBXFrameworksBuildPhase section */
		514E9DF7081EBF9C009B8CD9 /* Frameworks */ = {
			isa = PBXFrameworksBuildPhase;
			buildActionMask = 2147483647;
			files = (
				514EA015081EC7C3009B8CD9 /* CoreFoundation.framework in Frameworks */,
				514EA011081EC7AB009B8CD9 /* CoreData.framework in Frameworks */,
				514EA010081EC7AA009B8CD9 /* Foundation.framework in Frameworks */,
				514E9E2E081EC793009B8CD9 /* CoreServices.framework in Frameworks */,
			);
			runOnlyForDeploymentPostprocessing = 0;
		};
		522144BB106926BB001D0D80 /* Frameworks */ = {
			isa = PBXFrameworksBuildPhase;
			buildActionMask = 2147483647;
			files = (
				52214696106994E5001D0D80 /* CoreData.framework in Frameworks */,
				5221450310692B10001D0D80 /* Foundation.framework in Frameworks */,
				522144C4106926E9001D0D80 /* QuickLook.framework in Frameworks */,
			);
			runOnlyForDeploymentPostprocessing = 0;
		};
		8D15AC330486D014006FF6A4 /* Frameworks */ = {
			isa = PBXFrameworksBuildPhase;
			buildActionMask = 2147483647;
			files = (
				5254600B16DA4AB700919729 /* libz.dylib in Frameworks */,
				775DFF38067A968500C5B868 /* Cocoa.framework in Frameworks */,
			);
			runOnlyForDeploymentPostprocessing = 0;
		};
/* End PBXFrameworksBuildPhase section */

/* Begin PBXGroup section */
		1058C7A6FEA54F5311CA2CBB /* Linked Frameworks */ = {
			isa = PBXGroup;
			children = (
				522144C3106926E8001D0D80 /* QuickLook.framework */,
				1058C7A7FEA54F5311CA2CBB /* Cocoa.framework */,
				514EA014081EC7C3009B8CD9 /* CoreFoundation.framework */,
				514E9E2D081EC793009B8CD9 /* CoreServices.framework */,
				2A37F4C5FDCFA73011CA2CEA /* Foundation.framework */,
				7788DA0506752A1600599AAD /* CoreData.framework */,
			);
			name = "Linked Frameworks";
			sourceTree = "<group>";
		};
		1058C7A8FEA54F5311CA2CBB /* Other Frameworks */ = {
			isa = PBXGroup;
			children = (
				2A37F4C4FDCFA73011CA2CEA /* AppKit.framework */,
			);
			name = "Other Frameworks";
			sourceTree = "<group>";
		};
		19C28FB0FE9D524F11CA2CBB /* Products */ = {
			isa = PBXGroup;
			children = (
				8D15AC370486D014006FF6A4 /* Stichwörter.app */,
				514E9DF9081EBF9C009B8CD9 /* Stichwörter.mdimporter */,
				522144BD106926BB001D0D80 /* Stichwörter.qlgenerator */,
			);
			name = Products;
			sourceTree = "<group>";
		};
		2A37F4AAFDCFA73011CA2CEA /* Stichwörter */ = {
			isa = PBXGroup;
			children = (
				5254600A16DA4AB700919729 /* libz.dylib */,
				E1B74B1A0667B4A90069E3BA /* Models */,
				2A37F4ABFDCFA73011CA2CEA /* Classes */,
				2A37F4AFFDCFA73011CA2CEA /* Other Sources */,
				2A37F4B8FDCFA73011CA2CEA /* Resources */,
				2A37F4C3FDCFA73011CA2CEA /* Frameworks */,
				19C28FB0FE9D524F11CA2CBB /* Products */,
				514E9E16081EC6D5009B8CD9 /* Importer Read Me.txt */,
			);
			name = "Stichwörter";
			sourceTree = "<group>";
		};
		2A37F4ABFDCFA73011CA2CEA /* Classes */ = {
			isa = PBXGroup;
			children = (
				522144EB10692819001D0D80 /* System Plugins */,
				2A37F4AEFDCFA73011CA2CEA /* MyDocument.h */,
				2A37F4ACFDCFA73011CA2CEA /* MyDocument.m */,
				527883DB10664CFA00C69D6D /* Localizable.strings */,
				527883ED10664D9800C69D6D /* ExportSheetController.h */,
				527883EE10664D9800C69D6D /* ExportSheetController.m */,
				522145B4106966CB001D0D80 /* KeywordExporter.h */,
				522145B5106966CB001D0D80 /* KeywordExporter.m */,
				522CC07B108BBAF300EB5DF6 /* RebaseSheetController.h */,
				522CC07C108BBAF300EB5DF6 /* RebaseSheetController.m */,
				52545FFE16D9951000919729 /* SimpleWordprocessingMLFile.h */,
				52545FFF16D9951000919729 /* SimpleWordprocessingMLFile.m */,
				5254600416DA39B500919729 /* ZIPArchive.h */,
				5254600516DA39B500919729 /* ZIPArchive.m */,
				5254600716DA49FA00919729 /* NSData+CRC32.h */,
				5254600816DA49FA00919729 /* NSData+CRC32.m */,
				5254600C16DA4F3D00919729 /* TableDocument.h */,
				5254600D16DA4F3D00919729 /* TableDocument.m */,
			);
			name = Classes;
			sourceTree = "<group>";
		};
		2A37F4AFFDCFA73011CA2CEA /* Other Sources */ = {
			isa = PBXGroup;
			children = (
				32DBCF750370BD2300C91783 /* Stichw_rter_Prefix.pch */,
				2A37F4B0FDCFA73011CA2CEA /* main.m */,
			);
			name = "Other Sources";
			sourceTree = "<group>";
		};
		2A37F4B8FDCFA73011CA2CEA /* Resources */ = {
			isa = PBXGroup;
			children = (
				522CC084108BBD0D00EB5DF6 /* RebaseSheet.xib */,
				2F7446BF0DB6CCE400F9684A /* MainMenu.xib */,
				2F7446C10DB6CCE400F9684A /* MyDocument.xib */,
				2A37F4B9FDCFA73011CA2CEA /* Credits.rtf */,
				8D15AC360486D014006FF6A4 /* Stichw_rter-Info.plist */,
				514E9DFA081EBF9C009B8CD9 /* Importer-Info.plist */,
				522144BE106926BB001D0D80 /* Stichwörter QuickLook Generator-Info.plist */,
				089C165FFE840EACC02AAC07 /* InfoPlist.strings */,
				527883F210664DB600C69D6D /* ExportSheet.xib */,
				52214682106993DF001D0D80 /* styles.css */,
			);
			name = Resources;
			sourceTree = "<group>";
		};
		2A37F4C3FDCFA73011CA2CEA /* Frameworks */ = {
			isa = PBXGroup;
			children = (
				1058C7A6FEA54F5311CA2CBB /* Linked Frameworks */,
				1058C7A8FEA54F5311CA2CBB /* Other Frameworks */,
			);
			name = Frameworks;
			sourceTree = "<group>";
		};
		514E9E0C081EC698009B8CD9 /* Importer */ = {
			isa = PBXGroup;
			children = (
				514E9E11081EC6B8009B8CD9 /* main.c */,
				514E9E10081EC6B8009B8CD9 /* GetMetadataForFile.m */,
			);
			name = Importer;
			sourceTree = "<group>";
		};
		522144D21069273E001D0D80 /* Generator */ = {
			isa = PBXGroup;
			children = (
				522144D6106927AC001D0D80 /* GeneratePreviewForURL.m */,
				522144D7106927AC001D0D80 /* GenerateThumbnailForURL.m */,
				522144D310692758001D0D80 /* quicklook_main.c */,
			);
			name = Generator;
			sourceTree = "<group>";
		};
		522144EB10692819001D0D80 /* System Plugins */ = {
			isa = PBXGroup;
			children = (
				522144D21069273E001D0D80 /* Generator */,
				514E9E0C081EC698009B8CD9 /* Importer */,
			);
			name = "System Plugins";
			sourceTree = "<group>";
		};
		E1B74B1A0667B4A90069E3BA /* Models */ = {
			isa = PBXGroup;
			children = (
				775BDEF0067A8BF0009058FE /* MyDocument.xcdatamodel */,
			);
			name = Models;
			sourceTree = "<group>";
		};
/* End PBXGroup section */

/* Begin PBXNativeTarget section */
		514E9DF8081EBF9C009B8CD9 /* Stichwörter Spotlight Importer */ = {
			isa = PBXNativeTarget;
			buildConfigurationList = 26FC0AC60875C91100E6366F /* Build configuration list for PBXNativeTarget "Stichwörter Spotlight Importer" */;
			buildPhases = (
				514E9DF5081EBF9C009B8CD9 /* Resources */,
				514E9DF6081EBF9C009B8CD9 /* Sources */,
				514E9DF7081EBF9C009B8CD9 /* Frameworks */,
			);
			buildRules = (
			);
			dependencies = (
			);
			name = "Stichwörter Spotlight Importer";
			productName = "Stichwörter Spotlight Importer";
			productReference = 514E9DF9081EBF9C009B8CD9 /* Stichwörter.mdimporter */;
			productType = "com.apple.product-type.bundle";
		};
		522144BC106926BB001D0D80 /* Stichwörter QuickLook Generator */ = {
			isa = PBXNativeTarget;
			buildConfigurationList = 522144C2106926BC001D0D80 /* Build configuration list for PBXNativeTarget "Stichwörter QuickLook Generator" */;
			buildPhases = (
				522144B9106926BB001D0D80 /* Resources */,
				522144BA106926BB001D0D80 /* Sources */,
				522144BB106926BB001D0D80 /* Frameworks */,
			);
			buildRules = (
			);
			dependencies = (
			);
			name = "Stichwörter QuickLook Generator";
			productName = "Stichwörter QuickLook Generator";
			productReference = 522144BD106926BB001D0D80 /* Stichwörter.qlgenerator */;
			productType = "com.apple.product-type.bundle";
		};
		8D15AC270486D014006FF6A4 /* Stichwörter */ = {
			isa = PBXNativeTarget;
			buildConfigurationList = 26FC0ACA0875C91100E6366F /* Build configuration list for PBXNativeTarget "Stichwörter" */;
			buildPhases = (
				8D15AC2B0486D014006FF6A4 /* Resources */,
				8D15AC300486D014006FF6A4 /* Sources */,
				8D15AC330486D014006FF6A4 /* Frameworks */,
				514EA07C081ECB3F009B8CD9 /* CopyFiles */,
				52214722106998F2001D0D80 /* CopyFiles */,
			);
			buildRules = (
			);
			dependencies = (
				514EA067081EC8BF009B8CD9 /* PBXTargetDependency */,
				522144E0106927B5001D0D80 /* PBXTargetDependency */,
			);
			name = "Stichwörter";
			productInstallPath = "$(HOME)/Applications";
			productName = "Stichwörter";
			productReference = 8D15AC370486D014006FF6A4 /* Stichwörter.app */;
			productType = "com.apple.product-type.application";
		};
/* End PBXNativeTarget section */

/* Begin PBXProject section */
		2A37F4A9FDCFA73011CA2CEA /* Project object */ = {
			isa = PBXProject;
			attributes = {
				LastUpgradeCheck = 0450;
			};
			buildConfigurationList = 26FC0ACE0875C91100E6366F /* Build configuration list for PBXProject "Stichwörter" */;
			compatibilityVersion = "Xcode 3.2";
			developmentRegion = English;
			hasScannedForEncodings = 1;
			knownRegions = (
				en,
			);
			mainGroup = 2A37F4AAFDCFA73011CA2CEA /* Stichwörter */;
			projectDirPath = "";
			projectRoot = "";
			targets = (
				8D15AC270486D014006FF6A4 /* Stichwörter */,
				514E9DF8081EBF9C009B8CD9 /* Stichwörter Spotlight Importer */,
				522144BC106926BB001D0D80 /* Stichwörter QuickLook Generator */,
			);
		};
/* End PBXProject section */

/* Begin PBXResourcesBuildPhase section */
		514E9DF5081EBF9C009B8CD9 /* Resources */ = {
			isa = PBXResourcesBuildPhase;
			buildActionMask = 2147483647;
			files = (
			);
			runOnlyForDeploymentPostprocessing = 0;
		};
		522144B9106926BB001D0D80 /* Resources */ = {
			isa = PBXResourcesBuildPhase;
			buildActionMask = 2147483647;
			files = (
				52214684106993DF001D0D80 /* styles.css in Resources */,
			);
			runOnlyForDeploymentPostprocessing = 0;
		};
		8D15AC2B0486D014006FF6A4 /* Resources */ = {
			isa = PBXResourcesBuildPhase;
			buildActionMask = 2147483647;
			files = (
				8D15AC2C0486D014006FF6A4 /* Credits.rtf in Resources */,
				8D15AC2F0486D014006FF6A4 /* InfoPlist.strings in Resources */,
				2F7446C30DB6CCE400F9684A /* MainMenu.xib in Resources */,
				2F7446C40DB6CCE400F9684A /* MyDocument.xib in Resources */,
				527883DC10664CFA00C69D6D /* Localizable.strings in Resources */,
				527883F310664DB600C69D6D /* ExportSheet.xib in Resources */,
				522CC085108BBD0D00EB5DF6 /* RebaseSheet.xib in Resources */,
			);
			runOnlyForDeploymentPostprocessing = 0;
		};
/* End PBXResourcesBuildPhase section */

/* Begin PBXSourcesBuildPhase section */
		514E9DF6081EBF9C009B8CD9 /* Sources */ = {
			isa = PBXSourcesBuildPhase;
			buildActionMask = 2147483647;
			files = (
				514E9E12081EC6B8009B8CD9 /* GetMetadataForFile.m in Sources */,
				514E9E13081EC6B8009B8CD9 /* main.c in Sources */,
				522145B7106966CB001D0D80 /* KeywordExporter.m in Sources */,
				5254601116DA54FA00919729 /* TableDocument.m in Sources */,
			);
			runOnlyForDeploymentPostprocessing = 0;
		};
		522144BA106926BB001D0D80 /* Sources */ = {
			isa = PBXSourcesBuildPhase;
			buildActionMask = 2147483647;
			files = (
				522144D410692758001D0D80 /* quicklook_main.c in Sources */,
				522144D8106927AC001D0D80 /* GeneratePreviewForURL.m in Sources */,
				522144D9106927AC001D0D80 /* GenerateThumbnailForURL.m in Sources */,
				522145B6106966CB001D0D80 /* KeywordExporter.m in Sources */,
				5254601016DA54EB00919729 /* TableDocument.m in Sources */,
			);
			runOnlyForDeploymentPostprocessing = 0;
		};
		8D15AC300486D014006FF6A4 /* Sources */ = {
			isa = PBXSourcesBuildPhase;
			buildActionMask = 2147483647;
			files = (
				8D15AC310486D014006FF6A4 /* MyDocument.m in Sources */,
				8D15AC320486D014006FF6A4 /* main.m in Sources */,
				775BDEF1067A8BF0009058FE /* MyDocument.xcdatamodel in Sources */,
				527883EF10664D9800C69D6D /* ExportSheetController.m in Sources */,
				522145D510696E00001D0D80 /* KeywordExporter.m in Sources */,
				522CC07D108BBAF300EB5DF6 /* RebaseSheetController.m in Sources */,
				5254600016D9951000919729 /* SimpleWordprocessingMLFile.m in Sources */,
				5254600616DA39B500919729 /* ZIPArchive.m in Sources */,
				5254600916DA49FA00919729 /* NSData+CRC32.m in Sources */,
				5254600E16DA4F3D00919729 /* TableDocument.m in Sources */,
			);
			runOnlyForDeploymentPostprocessing = 0;
		};
/* End PBXSourcesBuildPhase section */

/* Begin PBXTargetDependency section */
		514EA067081EC8BF009B8CD9 /* PBXTargetDependency */ = {
			isa = PBXTargetDependency;
			target = 514E9DF8081EBF9C009B8CD9 /* Stichwörter Spotlight Importer */;
			targetProxy = 514EA066081EC8BF009B8CD9 /* PBXContainerItemProxy */;
		};
		522144E0106927B5001D0D80 /* PBXTargetDependency */ = {
			isa = PBXTargetDependency;
			target = 522144BC106926BB001D0D80 /* Stichwörter QuickLook Generator */;
			targetProxy = 522144DF106927B5001D0D80 /* PBXContainerItemProxy */;
		};
/* End PBXTargetDependency section */

/* Begin PBXVariantGroup section */
		089C165FFE840EACC02AAC07 /* InfoPlist.strings */ = {
			isa = PBXVariantGroup;
			children = (
				52F8FAC410662E1300450ED8 /* German */,
			);
			name = InfoPlist.strings;
			sourceTree = "<group>";
		};
		2A37F4B9FDCFA73011CA2CEA /* Credits.rtf */ = {
			isa = PBXVariantGroup;
			children = (
				52F8FAC310662E0E00450ED8 /* German */,
			);
			name = Credits.rtf;
			sourceTree = "<group>";
		};
		2F7446BF0DB6CCE400F9684A /* MainMenu.xib */ = {
			isa = PBXVariantGroup;
			children = (
				52F8FAC210662E0000450ED8 /* German */,
			);
			name = MainMenu.xib;
			sourceTree = "<group>";
		};
		2F7446C10DB6CCE400F9684A /* MyDocument.xib */ = {
			isa = PBXVariantGroup;
			children = (
				52F8FAC110662DF900450ED8 /* German */,
			);
			name = MyDocument.xib;
			sourceTree = "<group>";
		};
		522CC084108BBD0D00EB5DF6 /* RebaseSheet.xib */ = {
			isa = PBXVariantGroup;
			children = (
				522CC086108BBD1300EB5DF6 /* German */,
			);
			name = RebaseSheet.xib;
			sourceTree = "<group>";
		};
		527883DB10664CFA00C69D6D /* Localizable.strings */ = {
			isa = PBXVariantGroup;
			children = (
				527883DD10664D0300C69D6D /* German */,
			);
			name = Localizable.strings;
			sourceTree = "<group>";
		};
		527883F210664DB600C69D6D /* ExportSheet.xib */ = {
			isa = PBXVariantGroup;
			children = (
				527883F410664DC100C69D6D /* German */,
			);
			name = ExportSheet.xib;
			sourceTree = "<group>";
		};
/* End PBXVariantGroup section */

/* Begin XCBuildConfiguration section */
		26FC0AC70875C91100E6366F /* Debug */ = {
			isa = XCBuildConfiguration;
			buildSettings = {
				ARCHS = "$(ARCHS_STANDARD_32_64_BIT)";
				COMBINE_HIDPI_IMAGES = YES;
				COPY_PHASE_STRIP = NO;
				GCC_DYNAMIC_NO_PIC = NO;
				GCC_MODEL_TUNING = G5;
				GCC_OPTIMIZATION_LEVEL = 0;
				GCC_PRECOMPILE_PREFIX_HEADER = NO;
				INFOPLIST_FILE = "Importer/Importer-Info.plist";
				INSTALL_PATH = "@executable_path/../Contents/Library/Spotlight";
				LIBRARY_STYLE = BUNDLE;
				PRODUCT_NAME = "Stichwörter";
				SKIP_INSTALL = YES;
				WRAPPER_EXTENSION = mdimporter;
			};
			name = Debug;
		};
		26FC0AC80875C91100E6366F /* Release */ = {
			isa = XCBuildConfiguration;
			buildSettings = {
				COMBINE_HIDPI_IMAGES = YES;
				DEBUG_INFORMATION_FORMAT = "dwarf-with-dsym";
				GCC_MODEL_TUNING = G5;
				GCC_PRECOMPILE_PREFIX_HEADER = NO;
				INFOPLIST_FILE = "Importer/Importer-Info.plist";
				INSTALL_PATH = "@executable_path/../Contents/Library/Spotlight";
				LIBRARY_STYLE = BUNDLE;
				PRODUCT_NAME = "Stichwörter";
				SKIP_INSTALL = YES;
				WRAPPER_EXTENSION = mdimporter;
			};
			name = Release;
		};
		26FC0ACB0875C91100E6366F /* Debug */ = {
			isa = XCBuildConfiguration;
			buildSettings = {
				ARCHS = "$(ARCHS_STANDARD_32_64_BIT)";
				COMBINE_HIDPI_IMAGES = YES;
				COPY_PHASE_STRIP = NO;
				GCC_DYNAMIC_NO_PIC = NO;
				GCC_ENABLE_OBJC_EXCEPTIONS = YES;
				GCC_MODEL_TUNING = G5;
				GCC_OPTIMIZATION_LEVEL = 0;
				GCC_PRECOMPILE_PREFIX_HEADER = YES;
				GCC_PREFIX_HEADER = Stichw_rter_Prefix.pch;
				INFOPLIST_FILE = "Stichw_rter-Info.plist";
				INSTALL_PATH = "$(HOME)/Applications";
				PRODUCT_NAME = "Stichwörter";
				WRAPPER_EXTENSION = app;
			};
			name = Debug;
		};
		26FC0ACC0875C91100E6366F /* Release */ = {
			isa = XCBuildConfiguration;
			buildSettings = {
				COMBINE_HIDPI_IMAGES = YES;
				DEBUG_INFORMATION_FORMAT = "dwarf-with-dsym";
				GCC_ENABLE_OBJC_EXCEPTIONS = YES;
				GCC_MODEL_TUNING = G5;
				GCC_PRECOMPILE_PREFIX_HEADER = YES;
				GCC_PREFIX_HEADER = Stichw_rter_Prefix.pch;
				INFOPLIST_FILE = "Stichw_rter-Info.plist";
				INSTALL_PATH = "$(HOME)/Applications";
				PRODUCT_NAME = "Stichwörter";
				WRAPPER_EXTENSION = app;
			};
			name = Release;
		};
		26FC0ACF0875C91100E6366F /* Debug */ = {
			isa = XCBuildConfiguration;
			buildSettings = {
				ARCHS = "$(ARCHS_STANDARD_32_64_BIT)";
				CLANG_ENABLE_OBJC_ARC = YES;
				CODE_SIGN_IDENTITY = "Developer ID Application: Torsten Kammer";
				GCC_AUTO_VECTORIZATION = "";
				GCC_C_LANGUAGE_STANDARD = gnu99;
				GCC_FAST_MATH = YES;
				GCC_TREAT_WARNINGS_AS_ERRORS = YES;
				GCC_WARN_ABOUT_RETURN_TYPE = YES;
				GCC_WARN_UNUSED_VARIABLE = YES;
				LLVM_LTO = NO;
				MACOSX_DEPLOYMENT_TARGET = 10.6;
				ONLY_ACTIVE_ARCH = YES;
				OTHER_CFLAGS = "";
				PROVISIONING_PROFILE = "";
				SDKROOT = macosx;
				VALID_ARCHS = "i386 x86_64";
				WARNING_CFLAGS = "-Wall";
			};
			name = Debug;
		};
		26FC0AD00875C91100E6366F /* Release */ = {
			isa = XCBuildConfiguration;
			buildSettings = {
				ARCHS = "$(ARCHS_STANDARD_32_64_BIT)";
				CLANG_ENABLE_OBJC_ARC = YES;
				CODE_SIGN_IDENTITY = "Developer ID Application: Torsten Kammer";
				GCC_AUTO_VECTORIZATION = "";
				GCC_C_LANGUAGE_STANDARD = gnu99;
				GCC_FAST_MATH = YES;
				GCC_TREAT_WARNINGS_AS_ERRORS = YES;
				GCC_WARN_ABOUT_RETURN_TYPE = YES;
				GCC_WARN_UNUSED_VARIABLE = YES;
				LLVM_LTO = NO;
				MACOSX_DEPLOYMENT_TARGET = 10.6;
				ONLY_ACTIVE_ARCH = NO;
				OTHER_CFLAGS = "";
				PROVISIONING_PROFILE = "";
				SDKROOT = macosx;
				VALID_ARCHS = "i386 x86_64";
				WARNING_CFLAGS = "-Wall";
			};
			name = Release;
		};
		522144C0106926BC001D0D80 /* Debug */ = {
			isa = XCBuildConfiguration;
			buildSettings = {
				ALWAYS_SEARCH_USER_PATHS = NO;
				COMBINE_HIDPI_IMAGES = YES;
				COPY_PHASE_STRIP = NO;
				GCC_DYNAMIC_NO_PIC = NO;
				GCC_MODEL_TUNING = "";
				GCC_OPTIMIZATION_LEVEL = 0;
				GCC_PRECOMPILE_PREFIX_HEADER = NO;
				GCC_PREFIX_HEADER = "";
				INFOPLIST_FILE = "Stichwörter QuickLook Generator-Info.plist";
				INSTALL_PATH = "@executable_path/../Contents/Library/QuickLook";
				OTHER_LDFLAGS = (
					"-framework",
					Foundation,
					"-framework",
					AppKit,
				);
				PRODUCT_NAME = "Stichwörter";
				WRAPPER_EXTENSION = qlgenerator;
			};
			name = Debug;
		};
		522144C1106926BC001D0D80 /* Release */ = {
			isa = XCBuildConfiguration;
			buildSettings = {
				ALWAYS_SEARCH_USER_PATHS = NO;
				COMBINE_HIDPI_IMAGES = YES;
				COPY_PHASE_STRIP = YES;
				DEBUG_INFORMATION_FORMAT = "dwarf-with-dsym";
				GCC_MODEL_TUNING = "";
				GCC_PRECOMPILE_PREFIX_HEADER = NO;
				GCC_PREFIX_HEADER = "";
				INFOPLIST_FILE = "Stichwörter QuickLook Generator-Info.plist";
				INSTALL_PATH = "@executable_path/../Contents/Library/QuickLook";
				OTHER_LDFLAGS = (
					"-framework",
					Foundation,
					"-framework",
					AppKit,
				);
				PRODUCT_NAME = "Stichwörter";
				WRAPPER_EXTENSION = qlgenerator;
				ZERO_LINK = "";
			};
			name = Release;
		};
/* End XCBuildConfiguration section */

/* Begin XCConfigurationList section */
		26FC0AC60875C91100E6366F /* Build configuration list for PBXNativeTarget "Stichwörter Spotlight Importer" */ = {
			isa = XCConfigurationList;
			buildConfigurations = (
				26FC0AC70875C91100E6366F /* Debug */,
				26FC0AC80875C91100E6366F /* Release */,
			);
			defaultConfigurationIsVisible = 0;
			defaultConfigurationName = Release;
		};
		26FC0ACA0875C91100E6366F /* Build configuration list for PBXNativeTarget "Stichwörter" */ = {
			isa = XCConfigurationList;
			buildConfigurations = (
				26FC0ACB0875C91100E6366F /* Debug */,
				26FC0ACC0875C91100E6366F /* Release */,
			);
			defaultConfigurationIsVisible = 0;
			defaultConfigurationName = Release;
		};
		26FC0ACE0875C91100E6366F /* Build configuration list for PBXProject "Stichwörter" */ = {
			isa = XCConfigurationList;
			buildConfigurations = (
				26FC0ACF0875C91100E6366F /* Debug */,
				26FC0AD00875C91100E6366F /* Release */,
			);
			defaultConfigurationIsVisible = 0;
			defaultConfigurationName = Release;
		};
		522144C2106926BC001D0D80 /* Build configuration list for PBXNativeTarget "Stichwörter QuickLook Generator" */ = {
			isa = XCConfigurationList;
			buildConfigurations = (
				522144C0106926BC001D0D80 /* Debug */,
				522144C1106926BC001D0D80 /* Release */,
			);
			defaultConfigurationIsVisible = 0;
			defaultConfigurationName = Release;
		};
/* End XCConfigurationList section */
	};
	rootObject = 2A37F4A9FDCFA73011CA2CEA /* Project object */;
}
